
Microsoft Visual Studio Solution File, Format Version 12.00
# Visual Studio Version 17
VisualStudioVersion = 17.14.36518.9
MinimumVisualStudioVersion = 10.0.40219.1
Project("{FAE04EC0-301F-11D3-BF4B-00C04F79EFBC}") = "AbcTask", "SyncTasks\AbcTask.csproj", "{FE1D724B-D8B7-D216-9B3D-057D4A332628}"
EndProject
Global
	GlobalSection(SolutionConfigurationPlatforms) = preSolution
		Debug|Any CPU = Debug|Any CPU
		Release|Any CPU = Release|Any CPU
	EndGlobalSection
	GlobalSection(ProjectConfigurationPlatforms) = postSolution
		{FE1D724B-D8B7-D216-9B3D-057D4A332628}.Debug|Any CPU.ActiveCfg = Debug|Any CPU
		{FE1D724B-D8B7-D216-9B3D-057D4A332628}.Debug|Any CPU.Build.0 = Debug|Any CPU
		{FE1D724B-D8B7-D216-9B3D-057D4A332628}.Release|Any CPU.ActiveCfg = Release|Any CPU
		{FE1D724B-D8B7-D216-9B3D-057D4A332628}.Release|Any CPU.Build.0 = Release|Any CPU
	EndGlobalSection
	GlobalSection(SolutionProperties) = preSolution
		HideSolutionNode = FALSE
	EndGlobalSection
	GlobalSection(ExtensibilityGlobals) = postSolution
		SolutionGuid = {763A5FC7-54E3-4221-823D-4CDF5456C27D}
	EndGlobalSection
EndGlobal
